// !$*UTF8*$!
{
	archiveVersion = 1;
	classes = {};
	objectVersion = 56;
	objects = {

/* Begin PBXBuildFile section */
		C155CEF7F68A03E3E57FCDF5 /* DemoComponents.swift in Sources */ = {isa = PBXBuildFile; fileRef = 4C70DA555F399A8B28D5C750 /* DemoComponents.swift */; };
		8D328553062EC6731C41F378 /* PlaybackAccessory.swift in Sources */ = {isa = PBXBuildFile; fileRef = A64F29BFDF45CA93251DBE1C /* PlaybackAccessory.swift */; };
		D467D1F099762CFAE881AEB6 /* SystemDemoLauncher.swift in Sources */ = {isa = PBXBuildFile; fileRef = 4A8A9CBF48A331A659822815 /* SystemDemoLauncher.swift */; };
		E11030640FCC0E9D6783BF78 /* ContentView.swift in Sources */ = {isa = PBXBuildFile; fileRef = BBAD30DB9EA26ED3AACE1176 /* ContentView.swift */; };
		55DCE19BA89FD7F3D9A0E68D /* ExampleCatalog.swift in Sources */ = {isa = PBXBuildFile; fileRef = D753ADA4A3025552E7D42E0C /* ExampleCatalog.swift */; };
		BA1979E522EDBB8221A8F125 /* ExampleDetailView.swift in Sources */ = {isa = PBXBuildFile; fileRef = 7BC8DBB73A9B8BF73AE97E6A /* ExampleDetailView.swift */; };
		3D31BEF30DC5E6EB60BAC613 /* AccessibilityExample.swift in Sources */ = {isa = PBXBuildFile; fileRef = 50E2953F23423A91390478C3 /* AccessibilityExample.swift */; };
		1C202551090AE49B795570A0 /* AppCompositionExample.swift in Sources */ = {isa = PBXBuildFile; fileRef = 2AC49AD5F0EB8F4FE42EB8D7 /* AppCompositionExample.swift */; };
		A47CA387894F850D597AB257 /* BackgroundExtensionExample.swift in Sources */ = {isa = PBXBuildFile; fileRef = AA48DB66E9894AE2D5F2CD27 /* BackgroundExtensionExample.swift */; };
		1DD422D27CBA40000AA4DEC3 /* ButtonStylesExample.swift in Sources */ = {isa = PBXBuildFile; fileRef = 41667EEC05D9F2BDCE4A8772 /* ButtonStylesExample.swift */; };
		D65799692AD9A9E5EF7171FE /* ContainersExample.swift in Sources */ = {isa = PBXBuildFile; fileRef = 414840A97C382DC012129FD3 /* ContainersExample.swift */; };
		F148B6478142AE6348505F74 /* ContrastExample.swift in Sources */ = {isa = PBXBuildFile; fileRef = 59210D24B1A62C5622FF0943 /* ContrastExample.swift */; };
		F47FDA8DCFC0FF48C8E97CEC /* CoreTextGlassExample.swift in Sources */ = {isa = PBXBuildFile; fileRef = 059C7ED555FAC909BDFD37CD /* CoreTextGlassExample.swift */; };
		160B50B651DA297EDC2A133B /* CustomNavigationExample.swift in Sources */ = {isa = PBXBuildFile; fileRef = B29EB26B5976CD43C4539A3C /* CustomNavigationExample.swift */; };
		7C7A8EEE0298A12287E01E2D /* DynamicAdaptationExample.swift in Sources */ = {isa = PBXBuildFile; fileRef = 513BA60E368B3582B03E7A06 /* DynamicAdaptationExample.swift */; };
		E149D1A9EF45AD4797209B2B /* ExampleScreen.swift in Sources */ = {isa = PBXBuildFile; fileRef = 75100EF8639F41C8D3B241CD /* ExampleScreen.swift */; };
		C104BAAFA6D5A51FFA19CCD9 /* ExpandablePlayerExample.swift in Sources */ = {isa = PBXBuildFile; fileRef = 761992C729354DF420B14A6B /* ExpandablePlayerExample.swift */; };
		CE90E8F2900B84BB7A2BFD38 /* FloatingActionsExample.swift in Sources */ = {isa = PBXBuildFile; fileRef = 34E823B7CCF7E6D09C189B8C /* FloatingActionsExample.swift */; };
		3B830345F07F46CA3F3F51E4 /* GestureIntegrationExample.swift in Sources */ = {isa = PBXBuildFile; fileRef = 6F47351C9C0D70F90EDC8358 /* GestureIntegrationExample.swift */; };
		35CB445B6646A7F78A56D2A2 /* GlassBadgesExample.swift in Sources */ = {isa = PBXBuildFile; fileRef = 1EE05C2A682BD8A34A35E190 /* GlassBadgesExample.swift */; };
		137BC10C9F51B02AF9BD94AF /* GlassSettingsSheetExample.swift in Sources */ = {isa = PBXBuildFile; fileRef = 566B64A07E20C1C22F574AF0 /* GlassSettingsSheetExample.swift */; };
		B30A118CA53945E50DE53822 /* MorphingExample.swift in Sources */ = {isa = PBXBuildFile; fileRef = 978E8C34A8FF706C05E9499F /* MorphingExample.swift */; };
		1146E1B4DD3FFD501070A864 /* MorphingSheetExample.swift in Sources */ = {isa = PBXBuildFile; fileRef = 6089DA11139EA09C4F661A1D /* MorphingSheetExample.swift */; };
		4C29D4B5B372AD22732B9155 /* ParallaxClustersExample.swift in Sources */ = {isa = PBXBuildFile; fileRef = BADF8BB1BD91D89E8FB02DA6 /* ParallaxClustersExample.swift */; };
		8169BEEA410711F902315A10 /* PhotoStudioExample.swift in Sources */ = {isa = PBXBuildFile; fileRef = 6065C66BA17E45F5EE15D80C /* PhotoStudioExample.swift */; };
		2663C106019ADBDC1EA451D6 /* PresentationsExample.swift in Sources */ = {isa = PBXBuildFile; fileRef = ABEB47B2CB53000758E7AD15 /* PresentationsExample.swift */; };
		404A17D6A1FEE06283C12C9D /* RenderingCompositionExample.swift in Sources */ = {isa = PBXBuildFile; fileRef = 85B395246426D096D4D2E4BB /* RenderingCompositionExample.swift */; };
		C166776DFBDE7E354139A08B /* ScrollEdgeDockExample.swift in Sources */ = {isa = PBXBuildFile; fileRef = 50F0E70455AD3C028FE7DDAA /* ScrollEdgeDockExample.swift */; };
		451C7804E5C07D07DA2CAE12 /* SearchExample.swift in Sources */ = {isa = PBXBuildFile; fileRef = 215DCC2A1AF919ABE0D1DB8E /* SearchExample.swift */; };
		C8275C852D8448EBE5CAC962 /* ShapesExample.swift in Sources */ = {isa = PBXBuildFile; fileRef = A5D8B42FBF572C0F8A7EFCD2 /* ShapesExample.swift */; };
		7D87C512D5522B6D9C533684 /* SplitViewExample.swift in Sources */ = {isa = PBXBuildFile; fileRef = 6845D941E6D1F99FD4A776D4 /* SplitViewExample.swift */; };
		613C24842FE7977AB1F7C401 /* SymbolReplacementExample.swift in Sources */ = {isa = PBXBuildFile; fileRef = 55BE4E4BC8CA522806359B75 /* SymbolReplacementExample.swift */; };
		A05F233E3836662198816FD8 /* TabsExample.swift in Sources */ = {isa = PBXBuildFile; fileRef = 37A7837A7E0D06F1CD7DE291 /* TabsExample.swift */; };
		4EF907BD5CD823533D3B9AA2 /* TextAndIconsExample.swift in Sources */ = {isa = PBXBuildFile; fileRef = 233F7D8B5E273FAE21785F48 /* TextAndIconsExample.swift */; };
		5C1CF416758F7C865CA8444C /* TintedInteractiveExample.swift in Sources */ = {isa = PBXBuildFile; fileRef = AB5B86C8B0BCFAE5E4DB5217 /* TintedInteractiveExample.swift */; };
		75E32D9C5AF0E18CC72E3B36 /* ToolbarExample.swift in Sources */ = {isa = PBXBuildFile; fileRef = F60CF805056D03E84E69E177 /* ToolbarExample.swift */; };
		5EBB85D89153D3789E5E56ED /* TransitionsExample.swift in Sources */ = {isa = PBXBuildFile; fileRef = 9D54B649DFB928B63D6829DE /* TransitionsExample.swift */; };
		D1DD4E7CDC5755545E60B7AA /* UIKitIntegrationExample.swift in Sources */ = {isa = PBXBuildFile; fileRef = 512BB08F6A21C5614E81A199 /* UIKitIntegrationExample.swift */; };
		7231D1CEBB275F075BD98C05 /* UnionsExample.swift in Sources */ = {isa = PBXBuildFile; fileRef = 5C7F4809505AA9E3D1710228 /* UnionsExample.swift */; };
		8E64209794E0C6466F33F2A1 /* VariantsExample.swift in Sources */ = {isa = PBXBuildFile; fileRef = 0B585D96E2D86B5B83BF4E22 /* VariantsExample.swift */; };
		9A60C853218729BA179A4CCC /* GalleryLaunchConfiguration.swift in Sources */ = {isa = PBXBuildFile; fileRef = 468D96C366410810ED23CB6D /* GalleryLaunchConfiguration.swift */; };
		1F5D22A4334BD5426BEB4F9D /* LiquidGlassGalleryApp.swift in Sources */ = {isa = PBXBuildFile; fileRef = 72E36FA030181D045F678A8D /* LiquidGlassGalleryApp.swift */; };
/* End PBXBuildFile section */

/* Begin PBXFileReference section */
		4C70DA555F399A8B28D5C750 /* DemoComponents.swift */ = {isa = PBXFileReference; lastKnownFileType = sourcecode.swift; path = DemoComponents.swift; sourceTree = "<group>"; };
		A64F29BFDF45CA93251DBE1C /* PlaybackAccessory.swift */ = {isa = PBXFileReference; lastKnownFileType = sourcecode.swift; path = PlaybackAccessory.swift; sourceTree = "<group>"; };
		4A8A9CBF48A331A659822815 /* SystemDemoLauncher.swift */ = {isa = PBXFileReference; lastKnownFileType = sourcecode.swift; path = SystemDemoLauncher.swift; sourceTree = "<group>"; };
		BBAD30DB9EA26ED3AACE1176 /* ContentView.swift */ = {isa = PBXFileReference; lastKnownFileType = sourcecode.swift; path = ContentView.swift; sourceTree = "<group>"; };
		D753ADA4A3025552E7D42E0C /* ExampleCatalog.swift */ = {isa = PBXFileReference; lastKnownFileType = sourcecode.swift; path = ExampleCatalog.swift; sourceTree = "<group>"; };
		7BC8DBB73A9B8BF73AE97E6A /* ExampleDetailView.swift */ = {isa = PBXFileReference; lastKnownFileType = sourcecode.swift; path = ExampleDetailView.swift; sourceTree = "<group>"; };
		50E2953F23423A91390478C3 /* AccessibilityExample.swift */ = {isa = PBXFileReference; lastKnownFileType = sourcecode.swift; path = AccessibilityExample.swift; sourceTree = "<group>"; };
		2AC49AD5F0EB8F4FE42EB8D7 /* AppCompositionExample.swift */ = {isa = PBXFileReference; lastKnownFileType = sourcecode.swift; path = AppCompositionExample.swift; sourceTree = "<group>"; };
		AA48DB66E9894AE2D5F2CD27 /* BackgroundExtensionExample.swift */ = {isa = PBXFileReference; lastKnownFileType = sourcecode.swift; path = BackgroundExtensionExample.swift; sourceTree = "<group>"; };
		41667EEC05D9F2BDCE4A8772 /* ButtonStylesExample.swift */ = {isa = PBXFileReference; lastKnownFileType = sourcecode.swift; path = ButtonStylesExample.swift; sourceTree = "<group>"; };
		414840A97C382DC012129FD3 /* ContainersExample.swift */ = {isa = PBXFileReference; lastKnownFileType = sourcecode.swift; path = ContainersExample.swift; sourceTree = "<group>"; };
		59210D24B1A62C5622FF0943 /* ContrastExample.swift */ = {isa = PBXFileReference; lastKnownFileType = sourcecode.swift; path = ContrastExample.swift; sourceTree = "<group>"; };
		059C7ED555FAC909BDFD37CD /* CoreTextGlassExample.swift */ = {isa = PBXFileReference; lastKnownFileType = sourcecode.swift; path = CoreTextGlassExample.swift; sourceTree = "<group>"; };
		B29EB26B5976CD43C4539A3C /* CustomNavigationExample.swift */ = {isa = PBXFileReference; lastKnownFileType = sourcecode.swift; path = CustomNavigationExample.swift; sourceTree = "<group>"; };
		513BA60E368B3582B03E7A06 /* DynamicAdaptationExample.swift */ = {isa = PBXFileReference; lastKnownFileType = sourcecode.swift; path = DynamicAdaptationExample.swift; sourceTree = "<group>"; };
		75100EF8639F41C8D3B241CD /* ExampleScreen.swift */ = {isa = PBXFileReference; lastKnownFileType = sourcecode.swift; path = ExampleScreen.swift; sourceTree = "<group>"; };
		761992C729354DF420B14A6B /* ExpandablePlayerExample.swift */ = {isa = PBXFileReference; lastKnownFileType = sourcecode.swift; path = ExpandablePlayerExample.swift; sourceTree = "<group>"; };
		34E823B7CCF7E6D09C189B8C /* FloatingActionsExample.swift */ = {isa = PBXFileReference; lastKnownFileType = sourcecode.swift; path = FloatingActionsExample.swift; sourceTree = "<group>"; };
		6F47351C9C0D70F90EDC8358 /* GestureIntegrationExample.swift */ = {isa = PBXFileReference; lastKnownFileType = sourcecode.swift; path = GestureIntegrationExample.swift; sourceTree = "<group>"; };
		1EE05C2A682BD8A34A35E190 /* GlassBadgesExample.swift */ = {isa = PBXFileReference; lastKnownFileType = sourcecode.swift; path = GlassBadgesExample.swift; sourceTree = "<group>"; };
		566B64A07E20C1C22F574AF0 /* GlassSettingsSheetExample.swift */ = {isa = PBXFileReference; lastKnownFileType = sourcecode.swift; path = GlassSettingsSheetExample.swift; sourceTree = "<group>"; };
		978E8C34A8FF706C05E9499F /* MorphingExample.swift */ = {isa = PBXFileReference; lastKnownFileType = sourcecode.swift; path = MorphingExample.swift; sourceTree = "<group>"; };
		6089DA11139EA09C4F661A1D /* MorphingSheetExample.swift */ = {isa = PBXFileReference; lastKnownFileType = sourcecode.swift; path = MorphingSheetExample.swift; sourceTree = "<group>"; };
		BADF8BB1BD91D89E8FB02DA6 /* ParallaxClustersExample.swift */ = {isa = PBXFileReference; lastKnownFileType = sourcecode.swift; path = ParallaxClustersExample.swift; sourceTree = "<group>"; };
		6065C66BA17E45F5EE15D80C /* PhotoStudioExample.swift */ = {isa = PBXFileReference; lastKnownFileType = sourcecode.swift; path = PhotoStudioExample.swift; sourceTree = "<group>"; };
		ABEB47B2CB53000758E7AD15 /* PresentationsExample.swift */ = {isa = PBXFileReference; lastKnownFileType = sourcecode.swift; path = PresentationsExample.swift; sourceTree = "<group>"; };
		85B395246426D096D4D2E4BB /* RenderingCompositionExample.swift */ = {isa = PBXFileReference; lastKnownFileType = sourcecode.swift; path = RenderingCompositionExample.swift; sourceTree = "<group>"; };
		50F0E70455AD3C028FE7DDAA /* ScrollEdgeDockExample.swift */ = {isa = PBXFileReference; lastKnownFileType = sourcecode.swift; path = ScrollEdgeDockExample.swift; sourceTree = "<group>"; };
		215DCC2A1AF919ABE0D1DB8E /* SearchExample.swift */ = {isa = PBXFileReference; lastKnownFileType = sourcecode.swift; path = SearchExample.swift; sourceTree = "<group>"; };
		A5D8B42FBF572C0F8A7EFCD2 /* ShapesExample.swift */ = {isa = PBXFileReference; lastKnownFileType = sourcecode.swift; path = ShapesExample.swift; sourceTree = "<group>"; };
		6845D941E6D1F99FD4A776D4 /* SplitViewExample.swift */ = {isa = PBXFileReference; lastKnownFileType = sourcecode.swift; path = SplitViewExample.swift; sourceTree = "<group>"; };
		55BE4E4BC8CA522806359B75 /* SymbolReplacementExample.swift */ = {isa = PBXFileReference; lastKnownFileType = sourcecode.swift; path = SymbolReplacementExample.swift; sourceTree = "<group>"; };
		37A7837A7E0D06F1CD7DE291 /* TabsExample.swift */ = {isa = PBXFileReference; lastKnownFileType = sourcecode.swift; path = TabsExample.swift; sourceTree = "<group>"; };
		233F7D8B5E273FAE21785F48 /* TextAndIconsExample.swift */ = {isa = PBXFileReference; lastKnownFileType = sourcecode.swift; path = TextAndIconsExample.swift; sourceTree = "<group>"; };
		AB5B86C8B0BCFAE5E4DB5217 /* TintedInteractiveExample.swift */ = {isa = PBXFileReference; lastKnownFileType = sourcecode.swift; path = TintedInteractiveExample.swift; sourceTree = "<group>"; };
		F60CF805056D03E84E69E177 /* ToolbarExample.swift */ = {isa = PBXFileReference; lastKnownFileType = sourcecode.swift; path = ToolbarExample.swift; sourceTree = "<group>"; };
		9D54B649DFB928B63D6829DE /* TransitionsExample.swift */ = {isa = PBXFileReference; lastKnownFileType = sourcecode.swift; path = TransitionsExample.swift; sourceTree = "<group>"; };
		512BB08F6A21C5614E81A199 /* UIKitIntegrationExample.swift */ = {isa = PBXFileReference; lastKnownFileType = sourcecode.swift; path = UIKitIntegrationExample.swift; sourceTree = "<group>"; };
		5C7F4809505AA9E3D1710228 /* UnionsExample.swift */ = {isa = PBXFileReference; lastKnownFileType = sourcecode.swift; path = UnionsExample.swift; sourceTree = "<group>"; };
		0B585D96E2D86B5B83BF4E22 /* VariantsExample.swift */ = {isa = PBXFileReference; lastKnownFileType = sourcecode.swift; path = VariantsExample.swift; sourceTree = "<group>"; };
		468D96C366410810ED23CB6D /* GalleryLaunchConfiguration.swift */ = {isa = PBXFileReference; lastKnownFileType = sourcecode.swift; path = GalleryLaunchConfiguration.swift; sourceTree = "<group>"; };
		72E36FA030181D045F678A8D /* LiquidGlassGalleryApp.swift */ = {isa = PBXFileReference; lastKnownFileType = sourcecode.swift; path = LiquidGlassGalleryApp.swift; sourceTree = "<group>"; };
		C10000000000000000000001 /* LiquidGlassGallery.app */ = {isa = PBXFileReference; explicitFileType = wrapper.application; includeInIndex = 0; path = LiquidGlassGallery.app; sourceTree = BUILT_PRODUCTS_DIR; };
/* End PBXFileReference section */

/* Begin PBXFrameworksBuildPhase section */
		D10000000000000000000001 /* Frameworks */ = {isa = PBXFrameworksBuildPhase; buildActionMask = 2147483647; files = (); runOnlyForDeploymentPostprocessing = 0; };
/* End PBXFrameworksBuildPhase section */

/* Begin PBXGroup section */
		E10000000000000000000001 = {isa = PBXGroup; children = (E10000000000000000000002 /* LiquidGlassGallery */, E10000000000000000000003 /* Products */, ); sourceTree = "<group>"; };
		E10000000000000000000002 /* LiquidGlassGallery */ = {isa = PBXGroup; path = LiquidGlassGallery; sourceTree = "<group>"; children = (BBAD30DB9EA26ED3AACE1176 /* ContentView.swift */, D753ADA4A3025552E7D42E0C /* ExampleCatalog.swift */, 7BC8DBB73A9B8BF73AE97E6A /* ExampleDetailView.swift */, 468D96C366410810ED23CB6D /* GalleryLaunchConfiguration.swift */, 72E36FA030181D045F678A8D /* LiquidGlassGalleryApp.swift */, E20000000000000000000001 /* Components */, E20000000000000000000002 /* Examples */, ); };
		E10000000000000000000003 /* Products */ = {isa = PBXGroup; name = Products; sourceTree = "<group>"; children = (C10000000000000000000001 /* LiquidGlassGallery.app */, ); };
		E20000000000000000000001 /* Components */ = {isa = PBXGroup; path = Components; sourceTree = "<group>"; children = (4C70DA555F399A8B28D5C750 /* DemoComponents.swift */, A64F29BFDF45CA93251DBE1C /* PlaybackAccessory.swift */, 4A8A9CBF48A331A659822815 /* SystemDemoLauncher.swift */, ); };
		E20000000000000000000002 /* Examples */ = {isa = PBXGroup; path = Examples; sourceTree = "<group>"; children = (50E2953F23423A91390478C3 /* AccessibilityExample.swift */, 2AC49AD5F0EB8F4FE42EB8D7 /* AppCompositionExample.swift */, AA48DB66E9894AE2D5F2CD27 /* BackgroundExtensionExample.swift */, 41667EEC05D9F2BDCE4A8772 /* ButtonStylesExample.swift */, 414840A97C382DC012129FD3 /* ContainersExample.swift */, 59210D24B1A62C5622FF0943 /* ContrastExample.swift */, 059C7ED555FAC909BDFD37CD /* CoreTextGlassExample.swift */, B29EB26B5976CD43C4539A3C /* CustomNavigationExample.swift */, 513BA60E368B3582B03E7A06 /* DynamicAdaptationExample.swift */, 75100EF8639F41C8D3B241CD /* ExampleScreen.swift */, 761992C729354DF420B14A6B /* ExpandablePlayerExample.swift */, 34E823B7CCF7E6D09C189B8C /* FloatingActionsExample.swift */, 6F47351C9C0D70F90EDC8358 /* GestureIntegrationExample.swift */, 1EE05C2A682BD8A34A35E190 /* GlassBadgesExample.swift */, 566B64A07E20C1C22F574AF0 /* GlassSettingsSheetExample.swift */, 978E8C34A8FF706C05E9499F /* MorphingExample.swift */, 6089DA11139EA09C4F661A1D /* MorphingSheetExample.swift */, BADF8BB1BD91D89E8FB02DA6 /* ParallaxClustersExample.swift */, 6065C66BA17E45F5EE15D80C /* PhotoStudioExample.swift */, ABEB47B2CB53000758E7AD15 /* PresentationsExample.swift */, 85B395246426D096D4D2E4BB /* RenderingCompositionExample.swift */, 50F0E70455AD3C028FE7DDAA /* ScrollEdgeDockExample.swift */, 215DCC2A1AF919ABE0D1DB8E /* SearchExample.swift */, A5D8B42FBF572C0F8A7EFCD2 /* ShapesExample.swift */, 6845D941E6D1F99FD4A776D4 /* SplitViewExample.swift */, 55BE4E4BC8CA522806359B75 /* SymbolReplacementExample.swift */, 37A7837A7E0D06F1CD7DE291 /* TabsExample.swift */, 233F7D8B5E273FAE21785F48 /* TextAndIconsExample.swift */, AB5B86C8B0BCFAE5E4DB5217 /* TintedInteractiveExample.swift */, F60CF805056D03E84E69E177 /* ToolbarExample.swift */, 9D54B649DFB928B63D6829DE /* TransitionsExample.swift */, 512BB08F6A21C5614E81A199 /* UIKitIntegrationExample.swift */, 5C7F4809505AA9E3D1710228 /* UnionsExample.swift */, 0B585D96E2D86B5B83BF4E22 /* VariantsExample.swift */, ); };
/* End PBXGroup section */

/* Begin PBXNativeTarget section */
		F10000000000000000000001 /* LiquidGlassGallery */ = {isa = PBXNativeTarget; buildConfigurationList = G10000000000000000000002 /* Build configuration list for PBXNativeTarget "LiquidGlassGallery" */; buildPhases = (H10000000000000000000001 /* Sources */, D10000000000000000000001 /* Frameworks */, I10000000000000000000001 /* Resources */, ); buildRules = (); dependencies = (); name = LiquidGlassGallery; productName = LiquidGlassGallery; productReference = C10000000000000000000001 /* LiquidGlassGallery.app */; productType = "com.apple.product-type.application"; };
/* End PBXNativeTarget section */

/* Begin PBXProject section */
		J10000000000000000000001 /* Project object */ = {isa = PBXProject; attributes = {BuildIndependentTargetsInParallel = 1; LastUpgradeCheck = 2700; TargetAttributes = {F10000000000000000000001 = {CreatedOnToolsVersion = 27.0; }; }; }; buildConfigurationList = G10000000000000000000001 /* Build configuration list for PBXProject "LiquidGlassGallery" */; compatibilityVersion = "Xcode 16.0"; developmentRegion = en; hasScannedForEncodings = 0; knownRegions = (en, Base, ); mainGroup = E10000000000000000000001; productRefGroup = E10000000000000000000003 /* Products */; projectDirPath = ""; projectRoot = ""; targets = (F10000000000000000000001 /* LiquidGlassGallery */, ); };
/* End PBXProject section */

/* Begin PBXResourcesBuildPhase section */
		I10000000000000000000001 /* Resources */ = {isa = PBXResourcesBuildPhase; buildActionMask = 2147483647; files = (); runOnlyForDeploymentPostprocessing = 0; };
/* End PBXResourcesBuildPhase section */

/* Begin PBXSourcesBuildPhase section */
		H10000000000000000000001 /* Sources */ = {isa = PBXSourcesBuildPhase; buildActionMask = 2147483647; files = (C155CEF7F68A03E3E57FCDF5 /* DemoComponents.swift in Sources */, 8D328553062EC6731C41F378 /* PlaybackAccessory.swift in Sources */, D467D1F099762CFAE881AEB6 /* SystemDemoLauncher.swift in Sources */, E11030640FCC0E9D6783BF78 /* ContentView.swift in Sources */, 55DCE19BA89FD7F3D9A0E68D /* ExampleCatalog.swift in Sources */, BA1979E522EDBB8221A8F125 /* ExampleDetailView.swift in Sources */, 3D31BEF30DC5E6EB60BAC613 /* AccessibilityExample.swift in Sources */, 1C202551090AE49B795570A0 /* AppCompositionExample.swift in Sources */, A47CA387894F850D597AB257 /* BackgroundExtensionExample.swift in Sources */, 1DD422D27CBA40000AA4DEC3 /* ButtonStylesExample.swift in Sources */, D65799692AD9A9E5EF7171FE /* ContainersExample.swift in Sources */, F148B6478142AE6348505F74 /* ContrastExample.swift in Sources */, F47FDA8DCFC0FF48C8E97CEC /* CoreTextGlassExample.swift in Sources */, 160B50B651DA297EDC2A133B /* CustomNavigationExample.swift in Sources */, 7C7A8EEE0298A12287E01E2D /* DynamicAdaptationExample.swift in Sources */, E149D1A9EF45AD4797209B2B /* ExampleScreen.swift in Sources */, C104BAAFA6D5A51FFA19CCD9 /* ExpandablePlayerExample.swift in Sources */, CE90E8F2900B84BB7A2BFD38 /* FloatingActionsExample.swift in Sources */, 3B830345F07F46CA3F3F51E4 /* GestureIntegrationExample.swift in Sources */, 35CB445B6646A7F78A56D2A2 /* GlassBadgesExample.swift in Sources */, 137BC10C9F51B02AF9BD94AF /* GlassSettingsSheetExample.swift in Sources */, B30A118CA53945E50DE53822 /* MorphingExample.swift in Sources */, 1146E1B4DD3FFD501070A864 /* MorphingSheetExample.swift in Sources */, 4C29D4B5B372AD22732B9155 /* ParallaxClustersExample.swift in Sources */, 8169BEEA410711F902315A10 /* PhotoStudioExample.swift in Sources */, 2663C106019ADBDC1EA451D6 /* PresentationsExample.swift in Sources */, 404A17D6A1FEE06283C12C9D /* RenderingCompositionExample.swift in Sources */, C166776DFBDE7E354139A08B /* ScrollEdgeDockExample.swift in Sources */, 451C7804E5C07D07DA2CAE12 /* SearchExample.swift in Sources */, C8275C852D8448EBE5CAC962 /* ShapesExample.swift in Sources */, 7D87C512D5522B6D9C533684 /* SplitViewExample.swift in Sources */, 613C24842FE7977AB1F7C401 /* SymbolReplacementExample.swift in Sources */, A05F233E3836662198816FD8 /* TabsExample.swift in Sources */, 4EF907BD5CD823533D3B9AA2 /* TextAndIconsExample.swift in Sources */, 5C1CF416758F7C865CA8444C /* TintedInteractiveExample.swift in Sources */, 75E32D9C5AF0E18CC72E3B36 /* ToolbarExample.swift in Sources */, 5EBB85D89153D3789E5E56ED /* TransitionsExample.swift in Sources */, D1DD4E7CDC5755545E60B7AA /* UIKitIntegrationExample.swift in Sources */, 7231D1CEBB275F075BD98C05 /* UnionsExample.swift in Sources */, 8E64209794E0C6466F33F2A1 /* VariantsExample.swift in Sources */, 9A60C853218729BA179A4CCC /* GalleryLaunchConfiguration.swift in Sources */, 1F5D22A4334BD5426BEB4F9D /* LiquidGlassGalleryApp.swift in Sources */, ); runOnlyForDeploymentPostprocessing = 0; };
/* End PBXSourcesBuildPhase section */

/* Begin XCBuildConfiguration section */
		K10000000000000000000001 /* Debug */ = {isa = XCBuildConfiguration; buildSettings = {ALWAYS_SEARCH_USER_PATHS = NO; CLANG_ENABLE_MODULES = YES; IPHONEOS_DEPLOYMENT_TARGET = 26.0; SDKROOT = iphoneos; SWIFT_VERSION = 6.0; SWIFT_ACTIVE_COMPILATION_CONDITIONS = DEBUG; SWIFT_OPTIMIZATION_LEVEL = "-Onone"; }; name = Debug; };
		K10000000000000000000002 /* Release */ = {isa = XCBuildConfiguration; buildSettings = {ALWAYS_SEARCH_USER_PATHS = NO; CLANG_ENABLE_MODULES = YES; IPHONEOS_DEPLOYMENT_TARGET = 26.0; SDKROOT = iphoneos; SWIFT_VERSION = 6.0; }; name = Release; };
		K10000000000000000000003 /* Debug */ = {isa = XCBuildConfiguration; buildSettings = {ASSETCATALOG_COMPILER_APPICON_NAME = AppIcon; CODE_SIGN_STYLE = Automatic; CURRENT_PROJECT_VERSION = 1; GENERATE_INFOPLIST_FILE = YES; INFOPLIST_KEY_CFBundleDisplayName = "Liquid Glass Gallery"; INFOPLIST_KEY_LSApplicationCategoryType = "public.app-category.developer-tools"; INFOPLIST_KEY_UIApplicationSceneManifest_Generation = YES; INFOPLIST_KEY_UILaunchScreen_Generation = YES; IPHONEOS_DEPLOYMENT_TARGET = 26.0; PRODUCT_BUNDLE_IDENTIFIER = com.codex.LiquidGlassGallery; PRODUCT_NAME = "$(TARGET_NAME)"; SWIFT_EMIT_LOC_STRINGS = YES; SWIFT_VERSION = 6.0; SWIFT_ACTIVE_COMPILATION_CONDITIONS = DEBUG; SWIFT_OPTIMIZATION_LEVEL = "-Onone"; TARGETED_DEVICE_FAMILY = "1,2"; }; name = Debug; };
		K10000000000000000000004 /* Release */ = {isa = XCBuildConfiguration; buildSettings = {ASSETCATALOG_COMPILER_APPICON_NAME = AppIcon; CODE_SIGN_STYLE = Automatic; CURRENT_PROJECT_VERSION = 1; GENERATE_INFOPLIST_FILE = YES; INFOPLIST_KEY_CFBundleDisplayName = "Liquid Glass Gallery"; INFOPLIST_KEY_LSApplicationCategoryType = "public.app-category.developer-tools"; INFOPLIST_KEY_UIApplicationSceneManifest_Generation = YES; INFOPLIST_KEY_UILaunchScreen_Generation = YES; IPHONEOS_DEPLOYMENT_TARGET = 26.0; PRODUCT_BUNDLE_IDENTIFIER = com.codex.LiquidGlassGallery; PRODUCT_NAME = "$(TARGET_NAME)"; SWIFT_EMIT_LOC_STRINGS = YES; SWIFT_VERSION = 6.0; TARGETED_DEVICE_FAMILY = "1,2"; }; name = Release; };
/* End XCBuildConfiguration section */

/* Begin XCConfigurationList section */
		G10000000000000000000001 /* Build configuration list for PBXProject "LiquidGlassGallery" */ = {isa = XCConfigurationList; buildConfigurations = (K10000000000000000000001 /* Debug */, K10000000000000000000002 /* Release */, ); defaultConfigurationIsVisible = 0; defaultConfigurationName = Release; };
		G10000000000000000000002 /* Build configuration list for PBXNativeTarget "LiquidGlassGallery" */ = {isa = XCConfigurationList; buildConfigurations = (K10000000000000000000003 /* Debug */, K10000000000000000000004 /* Release */, ); defaultConfigurationIsVisible = 0; defaultConfigurationName = Release; };
/* End XCConfigurationList section */
	};
	rootObject = J10000000000000000000001 /* Project object */;
}
